// !$*UTF8*$!
{
	archiveVersion = 1;
	classes = {
	};
	objectVersion = 50;
	objects = {

/* Begin PBXBuildFile section */
		1AC40E4426BBE29900005ED4 /* AppDelegate.swift in Sources */ = {isa = PBXBuildFile; fileRef = 1AC40E4326BBE29900005ED4 /* AppDelegate.swift */; };
		1AC40E4626BBE29900005ED4 /* SceneDelegate.swift in Sources */ = {isa = PBXBuildFile; fileRef = 1AC40E4526BBE29900005ED4 /* SceneDelegate.swift */; };
		1AC40E4826BBE29900005ED4 /* ViewController.swift in Sources */ = {isa = PBXBuildFile; fileRef = 1AC40E4726BBE29900005ED4 /* ViewController.swift */; };
		1AC40E4B26BBE29900005ED4 /* Main.storyboard in Resources */ = {isa = PBXBuildFile; fileRef = 1AC40E4926BBE29900005ED4 /* Main.storyboard */; };
		1AC40E4D26BBE29B00005ED4 /* Assets.xcassets in Resources */ = {isa = PBXBuildFile; fileRef = 1AC40E4C26BBE29B00005ED4 /* Assets.xcassets */; };
		1AC40E5026BBE29B00005ED4 /* LaunchScreen.storyboard in Resources */ = {isa = PBXBuildFile; fileRef = 1AC40E4E26BBE29B00005ED4 /* LaunchScreen.storyboard */; };
		9210C7EF26C3709000B743AC /* BookTableViewCell.swift in Sources */ = {isa = PBXBuildFile; fileRef = 9210C7ED26C3709000B743AC /* BookTableViewCell.swift */; };
		9210C7F026C3709000B743AC /* BookTableViewCell.xib in Resources */ = {isa = PBXBuildFile; fileRef = 9210C7EE26C3709000B743AC /* BookTableViewCell.xib */; };
		9210C7FE26C374BA00B743AC /* DetailViewController.swift in Sources */ = {isa = PBXBuildFile; fileRef = 9210C7FD26C374BA00B743AC /* DetailViewController.swift */; };
		927C9D9326C12BFB00FE5F0E /* AppDelegate.swift in Sources */ = {isa = PBXBuildFile; fileRef = 927C9D9226C12BFB00FE5F0E /* AppDelegate.swift */; };
		927C9D9526C12BFB00FE5F0E /* SceneDelegate.swift in Sources */ = {isa = PBXBuildFile; fileRef = 927C9D9426C12BFB00FE5F0E /* SceneDelegate.swift */; };
		927C9D9726C12BFB00FE5F0E /* FirstViewController.swift in Sources */ = {isa = PBXBuildFile; fileRef = 927C9D9626C12BFB00FE5F0E /* FirstViewController.swift */; };
		927C9D9A26C12BFB00FE5F0E /* Main.storyboard in Resources */ = {isa = PBXBuildFile; fileRef = 927C9D9826C12BFB00FE5F0E /* Main.storyboard */; };
		927C9D9C26C12BFE00FE5F0E /* Assets.xcassets in Resources */ = {isa = PBXBuildFile; fileRef = 927C9D9B26C12BFE00FE5F0E /* Assets.xcassets */; };
		927C9D9F26C12BFE00FE5F0E /* LaunchScreen.storyboard in Resources */ = {isa = PBXBuildFile; fileRef = 927C9D9D26C12BFE00FE5F0E /* LaunchScreen.storyboard */; };
		92CE011426C22A5700D2064A /* SettingViewController.swift in Sources */ = {isa = PBXBuildFile; fileRef = 92CE011326C22A5700D2064A /* SettingViewController.swift */; };
		92D4B66326C20B38001D4B58 /* AppDelegate.swift in Sources */ = {isa = PBXBuildFile; fileRef = 92D4B66226C20B38001D4B58 /* AppDelegate.swift */; };
		92D4B66526C20B38001D4B58 /* SceneDelegate.swift in Sources */ = {isa = PBXBuildFile; fileRef = 92D4B66426C20B38001D4B58 /* SceneDelegate.swift */; };
		92D4B66726C20B38001D4B58 /* LoginViewController.swift in Sources */ = {isa = PBXBuildFile; fileRef = 92D4B66626C20B38001D4B58 /* LoginViewController.swift */; };
		92D4B66A26C20B38001D4B58 /* Main.storyboard in Resources */ = {isa = PBXBuildFile; fileRef = 92D4B66826C20B38001D4B58 /* Main.storyboard */; };
		92D4B66C26C20B42001D4B58 /* Assets.xcassets in Resources */ = {isa = PBXBuildFile; fileRef = 92D4B66B26C20B42001D4B58 /* Assets.xcassets */; };
		92D4B66F26C20B42001D4B58 /* LaunchScreen.storyboard in Resources */ = {isa = PBXBuildFile; fileRef = 92D4B66D26C20B42001D4B58 /* LaunchScreen.storyboard */; };
		92D4B67826C20BBC001D4B58 /* Home.storyboard in Resources */ = {isa = PBXBuildFile; fileRef = 92D4B67726C20BBC001D4B58 /* Home.storyboard */; };
		92D4B67D26C20C75001D4B58 /* Setting.storyboard in Resources */ = {isa = PBXBuildFile; fileRef = 92D4B67C26C20C75001D4B58 /* Setting.storyboard */; };
		92D4B68626C21638001D4B58 /* PopUpViewController.swift in Sources */ = {isa = PBXBuildFile; fileRef = 92D4B68526C21638001D4B58 /* PopUpViewController.swift */; };
		92E7E1C126C23A640097279B /* AppDelegate.swift in Sources */ = {isa = PBXBuildFile; fileRef = 92E7E1C026C23A640097279B /* AppDelegate.swift */; };
		92E7E1C326C23A640097279B /* SceneDelegate.swift in Sources */ = {isa = PBXBuildFile; fileRef = 92E7E1C226C23A640097279B /* SceneDelegate.swift */; };
		92E7E1C526C23A640097279B /* Less5ViewController.swift in Sources */ = {isa = PBXBuildFile; fileRef = 92E7E1C426C23A640097279B /* Less5ViewController.swift */; };
		92E7E1C826C23A640097279B /* Main.storyboard in Resources */ = {isa = PBXBuildFile; fileRef = 92E7E1C626C23A640097279B /* Main.storyboard */; };
		92E7E1CA26C23A670097279B /* Assets.xcassets in Resources */ = {isa = PBXBuildFile; fileRef = 92E7E1C926C23A670097279B /* Assets.xcassets */; };
		92E7E1CD26C23A670097279B /* LaunchScreen.storyboard in Resources */ = {isa = PBXBuildFile; fileRef = 92E7E1CB26C23A670097279B /* LaunchScreen.storyboard */; };
		92E7E1DB26C363B50097279B /* HomeViewController.swift in Sources */ = {isa = PBXBuildFile; fileRef = 92E7E1DA26C363B50097279B /* HomeViewController.swift */; };
		92ED33E526C2226600B4AF44 /* MainViewController.swift in Sources */ = {isa = PBXBuildFile; fileRef = 92ED33E426C2226600B4AF44 /* MainViewController.swift */; };
		92ED33F226C2246700B4AF44 /* HomeViewController.swift in Sources */ = {isa = PBXBuildFile; fileRef = 92ED33F126C2246700B4AF44 /* HomeViewController.swift */; };
		92FD400826C1374500FB7324 /* SecondViewController.swift in Sources */ = {isa = PBXBuildFile; fileRef = 92FD400726C1374500FB7324 /* SecondViewController.swift */; };
		92FD400E26C1375000FB7324 /* ThirdViewController.swift in Sources */ = {isa = PBXBuildFile; fileRef = 92FD400D26C1375000FB7324 /* ThirdViewController.swift */; };
/* End PBXBuildFile section */

/* Begin PBXFileReference section */
		1AC40E4026BBE29900005ED4 /* rikkeisoft-ios-training.app */ = {isa = PBXFileReference; explicitFileType = wrapper.application; includeInIndex = 0; path = "rikkeisoft-ios-training.app"; sourceTree = BUILT_PRODUCTS_DIR; };
		1AC40E4326BBE29900005ED4 /* AppDelegate.swift */ = {isa = PBXFileReference; lastKnownFileType = sourcecode.swift; path = AppDelegate.swift; sourceTree = "<group>"; };
		1AC40E4526BBE29900005ED4 /* SceneDelegate.swift */ = {isa = PBXFileReference; lastKnownFileType = sourcecode.swift; path = SceneDelegate.swift; sourceTree = "<group>"; };
		1AC40E4726BBE29900005ED4 /* ViewController.swift */ = {isa = PBXFileReference; lastKnownFileType = sourcecode.swift; path = ViewController.swift; sourceTree = "<group>"; };
		1AC40E4A26BBE29900005ED4 /* Base */ = {isa = PBXFileReference; lastKnownFileType = file.storyboard; name = Base; path = Base.lproj/Main.storyboard; sourceTree = "<group>"; };
		1AC40E4C26BBE29B00005ED4 /* Assets.xcassets */ = {isa = PBXFileReference; lastKnownFileType = folder.assetcatalog; path = Assets.xcassets; sourceTree = "<group>"; };
		1AC40E4F26BBE29B00005ED4 /* Base */ = {isa = PBXFileReference; lastKnownFileType = file.storyboard; name = Base; path = Base.lproj/LaunchScreen.storyboard; sourceTree = "<group>"; };
		1AC40E5126BBE29B00005ED4 /* Info.plist */ = {isa = PBXFileReference; lastKnownFileType = text.plist.xml; path = Info.plist; sourceTree = "<group>"; };
		9210C7ED26C3709000B743AC /* BookTableViewCell.swift */ = {isa = PBXFileReference; lastKnownFileType = sourcecode.swift; path = BookTableViewCell.swift; sourceTree = "<group>"; };
		9210C7EE26C3709000B743AC /* BookTableViewCell.xib */ = {isa = PBXFileReference; lastKnownFileType = file.xib; path = BookTableViewCell.xib; sourceTree = "<group>"; };
		9210C7FD26C374BA00B743AC /* DetailViewController.swift */ = {isa = PBXFileReference; lastKnownFileType = sourcecode.swift; path = DetailViewController.swift; sourceTree = "<group>"; };
		927C9D9026C12BFB00FE5F0E /* lesson3.app */ = {isa = PBXFileReference; explicitFileType = wrapper.application; includeInIndex = 0; path = lesson3.app; sourceTree = BUILT_PRODUCTS_DIR; };
		927C9D9226C12BFB00FE5F0E /* AppDelegate.swift */ = {isa = PBXFileReference; lastKnownFileType = sourcecode.swift; path = AppDelegate.swift; sourceTree = "<group>"; };
		927C9D9426C12BFB00FE5F0E /* SceneDelegate.swift */ = {isa = PBXFileReference; lastKnownFileType = sourcecode.swift; path = SceneDelegate.swift; sourceTree = "<group>"; };
		927C9D9626C12BFB00FE5F0E /* FirstViewController.swift */ = {isa = PBXFileReference; lastKnownFileType = sourcecode.swift; path = FirstViewController.swift; sourceTree = "<group>"; };
		927C9D9926C12BFB00FE5F0E /* Base */ = {isa = PBXFileReference; lastKnownFileType = file.storyboard; name = Base; path = Base.lproj/Main.storyboard; sourceTree = "<group>"; };
		927C9D9B26C12BFE00FE5F0E /* Assets.xcassets */ = {isa = PBXFileReference; lastKnownFileType = folder.assetcatalog; path = Assets.xcassets; sourceTree = "<group>"; };
		927C9D9E26C12BFE00FE5F0E /* Base */ = {isa = PBXFileReference; lastKnownFileType = file.storyboard; name = Base; path = Base.lproj/LaunchScreen.storyboard; sourceTree = "<group>"; };
		927C9DA026C12BFE00FE5F0E /* Info.plist */ = {isa = PBXFileReference; lastKnownFileType = text.plist.xml; path = Info.plist; sourceTree = "<group>"; };
		92CE011326C22A5700D2064A /* SettingViewController.swift */ = {isa = PBXFileReference; lastKnownFileType = sourcecode.swift; path = SettingViewController.swift; sourceTree = "<group>"; };
		92D4B66026C20B38001D4B58 /* lesson4.app */ = {isa = PBXFileReference; explicitFileType = wrapper.application; includeInIndex = 0; path = lesson4.app; sourceTree = BUILT_PRODUCTS_DIR; };
		92D4B66226C20B38001D4B58 /* AppDelegate.swift */ = {isa = PBXFileReference; lastKnownFileType = sourcecode.swift; path = AppDelegate.swift; sourceTree = "<group>"; };
		92D4B66426C20B38001D4B58 /* SceneDelegate.swift */ = {isa = PBXFileReference; lastKnownFileType = sourcecode.swift; path = SceneDelegate.swift; sourceTree = "<group>"; };
		92D4B66626C20B38001D4B58 /* LoginViewController.swift */ = {isa = PBXFileReference; lastKnownFileType = sourcecode.swift; path = LoginViewController.swift; sourceTree = "<group>"; };
		92D4B66926C20B38001D4B58 /* Base */ = {isa = PBXFileReference; lastKnownFileType = file.storyboard; name = Base; path = Base.lproj/Main.storyboard; sourceTree = "<group>"; };
		92D4B66B26C20B42001D4B58 /* Assets.xcassets */ = {isa = PBXFileReference; lastKnownFileType = folder.assetcatalog; path = Assets.xcassets; sourceTree = "<group>"; };
		92D4B66E26C20B42001D4B58 /* Base */ = {isa = PBXFileReference; lastKnownFileType = file.storyboard; name = Base; path = Base.lproj/LaunchScreen.storyboard; sourceTree = "<group>"; };
		92D4B67026C20B42001D4B58 /* Info.plist */ = {isa = PBXFileReference; lastKnownFileType = text.plist.xml; path = Info.plist; sourceTree = "<group>"; };
		92D4B67726C20BBC001D4B58 /* Home.storyboard */ = {isa = PBXFileReference; lastKnownFileType = file.storyboard; path = Home.storyboard; sourceTree = "<group>"; };
		92D4B67C26C20C75001D4B58 /* Setting.storyboard */ = {isa = PBXFileReference; lastKnownFileType = file.storyboard; path = Setting.storyboard; sourceTree = "<group>"; };
		92D4B68526C21638001D4B58 /* PopUpViewController.swift */ = {isa = PBXFileReference; lastKnownFileType = sourcecode.swift; path = PopUpViewController.swift; sourceTree = "<group>"; };
		92E7E1BE26C23A640097279B /* lesson5.app */ = {isa = PBXFileReference; explicitFileType = wrapper.application; includeInIndex = 0; path = lesson5.app; sourceTree = BUILT_PRODUCTS_DIR; };
		92E7E1C026C23A640097279B /* AppDelegate.swift */ = {isa = PBXFileReference; lastKnownFileType = sourcecode.swift; path = AppDelegate.swift; sourceTree = "<group>"; };
		92E7E1C226C23A640097279B /* SceneDelegate.swift */ = {isa = PBXFileReference; lastKnownFileType = sourcecode.swift; path = SceneDelegate.swift; sourceTree = "<group>"; };
		92E7E1C426C23A640097279B /* Less5ViewController.swift */ = {isa = PBXFileReference; lastKnownFileType = sourcecode.swift; path = Less5ViewController.swift; sourceTree = "<group>"; };
		92E7E1C726C23A640097279B /* Base */ = {isa = PBXFileReference; lastKnownFileType = file.storyboard; name = Base; path = Base.lproj/Main.storyboard; sourceTree = "<group>"; };
		92E7E1C926C23A670097279B /* Assets.xcassets */ = {isa = PBXFileReference; lastKnownFileType = folder.assetcatalog; path = Assets.xcassets; sourceTree = "<group>"; };
		92E7E1CC26C23A670097279B /* Base */ = {isa = PBXFileReference; lastKnownFileType = file.storyboard; name = Base; path = Base.lproj/LaunchScreen.storyboard; sourceTree = "<group>"; };
		92E7E1CE26C23A670097279B /* Info.plist */ = {isa = PBXFileReference; lastKnownFileType = text.plist.xml; path = Info.plist; sourceTree = "<group>"; };
		92E7E1DA26C363B50097279B /* HomeViewController.swift */ = {isa = PBXFileReference; lastKnownFileType = sourcecode.swift; path = HomeViewController.swift; sourceTree = "<group>"; };
		92ED33E426C2226600B4AF44 /* MainViewController.swift */ = {isa = PBXFileReference; lastKnownFileType = sourcecode.swift; path = MainViewController.swift; sourceTree = "<group>"; };
		92ED33F126C2246700B4AF44 /* HomeViewController.swift */ = {isa = PBXFileReference; lastKnownFileType = sourcecode.swift; path = HomeViewController.swift; sourceTree = "<group>"; };
		92FD400726C1374500FB7324 /* SecondViewController.swift */ = {isa = PBXFileReference; lastKnownFileType = sourcecode.swift; path = SecondViewController.swift; sourceTree = "<group>"; };
		92FD400D26C1375000FB7324 /* ThirdViewController.swift */ = {isa = PBXFileReference; lastKnownFileType = sourcecode.swift; path = ThirdViewController.swift; sourceTree = "<group>"; };
/* End PBXFileReference section */

/* Begin PBXFrameworksBuildPhase section */
		1AC40E3D26BBE29900005ED4 /* Frameworks */ = {
			isa = PBXFrameworksBuildPhase;
			buildActionMask = 2147483647;
			files = (
			);
			runOnlyForDeploymentPostprocessing = 0;
		};
		927C9D8D26C12BFB00FE5F0E /* Frameworks */ = {
			isa = PBXFrameworksBuildPhase;
			buildActionMask = 2147483647;
			files = (
			);
			runOnlyForDeploymentPostprocessing = 0;
		};
		92D4B65D26C20B38001D4B58 /* Frameworks */ = {
			isa = PBXFrameworksBuildPhase;
			buildActionMask = 2147483647;
			files = (
			);
			runOnlyForDeploymentPostprocessing = 0;
		};
		92E7E1BB26C23A640097279B /* Frameworks */ = {
			isa = PBXFrameworksBuildPhase;
			buildActionMask = 2147483647;
			files = (
			);
			runOnlyForDeploymentPostprocessing = 0;
		};
/* End PBXFrameworksBuildPhase section */

/* Begin PBXGroup section */
		1AC40E3726BBE29900005ED4 = {
			isa = PBXGroup;
			children = (
				1AC40E4226BBE29900005ED4 /* rikkeisoft-ios-training */,
				927C9D9126C12BFB00FE5F0E /* lesson3 */,
				92D4B66126C20B38001D4B58 /* lesson4 */,
				92E7E1BF26C23A640097279B /* lesson5 */,
				1AC40E4126BBE29900005ED4 /* Products */,
			);
			sourceTree = "<group>";
		};
		1AC40E4126BBE29900005ED4 /* Products */ = {
			isa = PBXGroup;
			children = (
				1AC40E4026BBE29900005ED4 /* rikkeisoft-ios-training.app */,
				927C9D9026C12BFB00FE5F0E /* lesson3.app */,
				92D4B66026C20B38001D4B58 /* lesson4.app */,
				92E7E1BE26C23A640097279B /* lesson5.app */,
			);
			name = Products;
			sourceTree = "<group>";
		};
		1AC40E4226BBE29900005ED4 /* rikkeisoft-ios-training */ = {
			isa = PBXGroup;
			children = (
				1AC40E4C26BBE29B00005ED4 /* Assets.xcassets */,
				1AC40E4E26BBE29B00005ED4 /* LaunchScreen.storyboard */,
				1AC40E5126BBE29B00005ED4 /* Info.plist */,
				1AC40E4326BBE29900005ED4 /* AppDelegate.swift */,
				1AC40E4526BBE29900005ED4 /* SceneDelegate.swift */,
				1AC40E4726BBE29900005ED4 /* ViewController.swift */,
				1AC40E4926BBE29900005ED4 /* Main.storyboard */,
				1AC40E5826BBE2AC00005ED4 /* Playgrounds Demo */,
			);
			path = "rikkeisoft-ios-training";
			sourceTree = "<group>";
		};
		1AC40E5826BBE2AC00005ED4 /* Playgrounds Demo */ = {
			isa = PBXGroup;
			children = (
			);
			path = "Playgrounds Demo";
			sourceTree = "<group>";
		};
		927C9D9126C12BFB00FE5F0E /* lesson3 */ = {
			isa = PBXGroup;
			children = (
				927C9D9226C12BFB00FE5F0E /* AppDelegate.swift */,
				927C9D9426C12BFB00FE5F0E /* SceneDelegate.swift */,
				927C9D9626C12BFB00FE5F0E /* FirstViewController.swift */,
				927C9D9826C12BFB00FE5F0E /* Main.storyboard */,
				927C9D9B26C12BFE00FE5F0E /* Assets.xcassets */,
				927C9D9D26C12BFE00FE5F0E /* LaunchScreen.storyboard */,
				927C9DA026C12BFE00FE5F0E /* Info.plist */,
				92FD400726C1374500FB7324 /* SecondViewController.swift */,
				92FD400D26C1375000FB7324 /* ThirdViewController.swift */,
			);
			path = lesson3;
			sourceTree = "<group>";
		};
		92D4B66126C20B38001D4B58 /* lesson4 */ = {
			isa = PBXGroup;
			children = (
				92ED33F026C2245300B4AF44 /* SettingVc */,
				92ED33EF26C2244A00B4AF44 /* HomeVC */,
				92D4B68D26C21D0C001D4B58 /* vc */,
				92D4B68126C20C7B001D4B58 /* Storyboard */,
				92D4B66226C20B38001D4B58 /* AppDelegate.swift */,
				92D4B66426C20B38001D4B58 /* SceneDelegate.swift */,
				92D4B66B26C20B42001D4B58 /* Assets.xcassets */,
				92D4B66D26C20B42001D4B58 /* LaunchScreen.storyboard */,
				92D4B67026C20B42001D4B58 /* Info.plist */,
			);
			path = lesson4;
			sourceTree = "<group>";
		};
		92D4B68126C20C7B001D4B58 /* Storyboard */ = {
			isa = PBXGroup;
			children = (
				92D4B67726C20BBC001D4B58 /* Home.storyboard */,
				92D4B67C26C20C75001D4B58 /* Setting.storyboard */,
				92D4B66826C20B38001D4B58 /* Main.storyboard */,
			);
			path = Storyboard;
			sourceTree = "<group>";
		};
		92D4B68D26C21D0C001D4B58 /* vc */ = {
			isa = PBXGroup;
			children = (
				92D4B68526C21638001D4B58 /* PopUpViewController.swift */,
				92D4B66626C20B38001D4B58 /* LoginViewController.swift */,
				92ED33E426C2226600B4AF44 /* MainViewController.swift */,
			);
			path = vc;
			sourceTree = "<group>";
		};
		92E7E1BF26C23A640097279B /* lesson5 */ = {
			isa = PBXGroup;
			children = (
				92E7E1C026C23A640097279B /* AppDelegate.swift */,
				92E7E1C226C23A640097279B /* SceneDelegate.swift */,
				92E7E1C426C23A640097279B /* Less5ViewController.swift */,
				92E7E1C626C23A640097279B /* Main.storyboard */,
				92E7E1C926C23A670097279B /* Assets.xcassets */,
				92E7E1CB26C23A670097279B /* LaunchScreen.storyboard */,
				92E7E1CE26C23A670097279B /* Info.plist */,
				92E7E1DA26C363B50097279B /* HomeViewController.swift */,
				9210C7ED26C3709000B743AC /* BookTableViewCell.swift */,
				9210C7EE26C3709000B743AC /* BookTableViewCell.xib */,
				9210C7FD26C374BA00B743AC /* DetailViewController.swift */,
			);
			path = lesson5;
			sourceTree = "<group>";
		};
		92ED33EF26C2244A00B4AF44 /* HomeVC */ = {
			isa = PBXGroup;
			children = (
				92ED33F126C2246700B4AF44 /* HomeViewController.swift */,
			);
			path = HomeVC;
			sourceTree = "<group>";
		};
		92ED33F026C2245300B4AF44 /* SettingVc */ = {
			isa = PBXGroup;
			children = (
				92CE011326C22A5700D2064A /* SettingViewController.swift */,
			);
			path = SettingVc;
			sourceTree = "<group>";
		};
/* End PBXGroup section */

/* Begin PBXNativeTarget section */
		1AC40E3F26BBE29900005ED4 /* rikkeisoft-ios-training */ = {
			isa = PBXNativeTarget;
			buildConfigurationList = 1AC40E5426BBE29B00005ED4 /* Build configuration list for PBXNativeTarget "rikkeisoft-ios-training" */;
			buildPhases = (
				1AC40E3C26BBE29900005ED4 /* Sources */,
				1AC40E3D26BBE29900005ED4 /* Frameworks */,
				1AC40E3E26BBE29900005ED4 /* Resources */,
			);
			buildRules = (
			);
			dependencies = (
			);
			name = "rikkeisoft-ios-training";
			productName = "rikkeisoft-ios-training";
			productReference = 1AC40E4026BBE29900005ED4 /* rikkeisoft-ios-training.app */;
			productType = "com.apple.product-type.application";
		};
		927C9D8F26C12BFB00FE5F0E /* lesson3 */ = {
			isa = PBXNativeTarget;
			buildConfigurationList = 927C9DA326C12BFE00FE5F0E /* Build configuration list for PBXNativeTarget "lesson3" */;
			buildPhases = (
				927C9D8C26C12BFB00FE5F0E /* Sources */,
				927C9D8D26C12BFB00FE5F0E /* Frameworks */,
				927C9D8E26C12BFB00FE5F0E /* Resources */,
			);
			buildRules = (
			);
			dependencies = (
			);
			name = lesson3;
			productName = lesson3;
			productReference = 927C9D9026C12BFB00FE5F0E /* lesson3.app */;
			productType = "com.apple.product-type.application";
		};
		92D4B65F26C20B38001D4B58 /* lesson4 */ = {
			isa = PBXNativeTarget;
			buildConfigurationList = 92D4B67326C20B42001D4B58 /* Build configuration list for PBXNativeTarget "lesson4" */;
			buildPhases = (
				92D4B65C26C20B38001D4B58 /* Sources */,
				92D4B65D26C20B38001D4B58 /* Frameworks */,
				92D4B65E26C20B38001D4B58 /* Resources */,
			);
			buildRules = (
			);
			dependencies = (
			);
			name = lesson4;
			productName = lesson4;
			productReference = 92D4B66026C20B38001D4B58 /* lesson4.app */;
			productType = "com.apple.product-type.application";
		};
		92E7E1BD26C23A640097279B /* lesson5 */ = {
			isa = PBXNativeTarget;
			buildConfigurationList = 92E7E1D126C23A680097279B /* Build configuration list for PBXNativeTarget "lesson5" */;
			buildPhases = (
				92E7E1BA26C23A640097279B /* Sources */,
				92E7E1BB26C23A640097279B /* Frameworks */,
				92E7E1BC26C23A640097279B /* Resources */,
			);
			buildRules = (
			);
			dependencies = (
			);
			name = lesson5;
			productName = lesson5;
			productReference = 92E7E1BE26C23A640097279B /* lesson5.app */;
			productType = "com.apple.product-type.application";
		};
/* End PBXNativeTarget section */

/* Begin PBXProject section */
		1AC40E3826BBE29900005ED4 /* Project object */ = {
			isa = PBXProject;
			attributes = {
				LastSwiftUpdateCheck = 1240;
				LastUpgradeCheck = 1210;
				TargetAttributes = {
					1AC40E3F26BBE29900005ED4 = {
						CreatedOnToolsVersion = 12.1;
					};
					927C9D8F26C12BFB00FE5F0E = {
						CreatedOnToolsVersion = 12.4;
					};
					92D4B65F26C20B38001D4B58 = {
						CreatedOnToolsVersion = 12.4;
					};
					92E7E1BD26C23A640097279B = {
						CreatedOnToolsVersion = 12.4;
					};
				};
			};
			buildConfigurationList = 1AC40E3B26BBE29900005ED4 /* Build configuration list for PBXProject "rikkeisoft-ios-training" */;
			compatibilityVersion = "Xcode 9.3";
			developmentRegion = en;
			hasScannedForEncodings = 0;
			knownRegions = (
				en,
				Base,
			);
			mainGroup = 1AC40E3726BBE29900005ED4;
			productRefGroup = 1AC40E4126BBE29900005ED4 /* Products */;
			projectDirPath = "";
			projectRoot = "";
			targets = (
				1AC40E3F26BBE29900005ED4 /* rikkeisoft-ios-training */,
				927C9D8F26C12BFB00FE5F0E /* lesson3 */,
				92D4B65F26C20B38001D4B58 /* lesson4 */,
				92E7E1BD26C23A640097279B /* lesson5 */,
			);
		};
/* End PBXProject section */

/* Begin PBXResourcesBuildPhase section */
		1AC40E3E26BBE29900005ED4 /* Resources */ = {
			isa = PBXResourcesBuildPhase;
			buildActionMask = 2147483647;
			files = (
				1AC40E5026BBE29B00005ED4 /* LaunchScreen.storyboard in Resources */,
				1AC40E4D26BBE29B00005ED4 /* Assets.xcassets in Resources */,
				1AC40E4B26BBE29900005ED4 /* Main.storyboard in Resources */,
			);
			runOnlyForDeploymentPostprocessing = 0;
		};
		927C9D8E26C12BFB00FE5F0E /* Resources */ = {
			isa = PBXResourcesBuildPhase;
			buildActionMask = 2147483647;
			files = (
				927C9D9F26C12BFE00FE5F0E /* LaunchScreen.storyboard in Resources */,
				927C9D9C26C12BFE00FE5F0E /* Assets.xcassets in Resources */,
				927C9D9A26C12BFB00FE5F0E /* Main.storyboard in Resources */,
			);
			runOnlyForDeploymentPostprocessing = 0;
		};
		92D4B65E26C20B38001D4B58 /* Resources */ = {
			isa = PBXResourcesBuildPhase;
			buildActionMask = 2147483647;
			files = (
				92D4B66F26C20B42001D4B58 /* LaunchScreen.storyboard in Resources */,
				92D4B66C26C20B42001D4B58 /* Assets.xcassets in Resources */,
				92D4B67D26C20C75001D4B58 /* Setting.storyboard in Resources */,
				92D4B66A26C20B38001D4B58 /* Main.storyboard in Resources */,
				92D4B67826C20BBC001D4B58 /* Home.storyboard in Resources */,
			);
			runOnlyForDeploymentPostprocessing = 0;
		};
		92E7E1BC26C23A640097279B /* Resources */ = {
			isa = PBXResourcesBuildPhase;
			buildActionMask = 2147483647;
			files = (
				9210C7F026C3709000B743AC /* BookTableViewCell.xib in Resources */,
				92E7E1CD26C23A670097279B /* LaunchScreen.storyboard in Resources */,
				92E7E1CA26C23A670097279B /* Assets.xcassets in Resources */,
				92E7E1C826C23A640097279B /* Main.storyboard in Resources */,
			);
			runOnlyForDeploymentPostprocessing = 0;
		};
/* End PBXResourcesBuildPhase section */

/* Begin PBXSourcesBuildPhase section */
		1AC40E3C26BBE29900005ED4 /* Sources */ = {
			isa = PBXSourcesBuildPhase;
			buildActionMask = 2147483647;
			files = (
				1AC40E4826BBE29900005ED4 /* ViewController.swift in Sources */,
				1AC40E4426BBE29900005ED4 /* AppDelegate.swift in Sources */,
				1AC40E4626BBE29900005ED4 /* SceneDelegate.swift in Sources */,
			);
			runOnlyForDeploymentPostprocessing = 0;
		};
		927C9D8C26C12BFB00FE5F0E /* Sources */ = {
			isa = PBXSourcesBuildPhase;
			buildActionMask = 2147483647;
			files = (
				92FD400826C1374500FB7324 /* SecondViewController.swift in Sources */,
				927C9D9726C12BFB00FE5F0E /* FirstViewController.swift in Sources */,
				92FD400E26C1375000FB7324 /* ThirdViewController.swift in Sources */,
				927C9D9326C12BFB00FE5F0E /* AppDelegate.swift in Sources */,
				927C9D9526C12BFB00FE5F0E /* SceneDelegate.swift in Sources */,
			);
			runOnlyForDeploymentPostprocessing = 0;
		};
		92D4B65C26C20B38001D4B58 /* Sources */ = {
			isa = PBXSourcesBuildPhase;
			buildActionMask = 2147483647;
			files = (
				92D4B66726C20B38001D4B58 /* LoginViewController.swift in Sources */,
				92D4B66326C20B38001D4B58 /* AppDelegate.swift in Sources */,
				92D4B66526C20B38001D4B58 /* SceneDelegate.swift in Sources */,
				92D4B68626C21638001D4B58 /* PopUpViewController.swift in Sources */,
				92ED33E526C2226600B4AF44 /* MainViewController.swift in Sources */,
				92CE011426C22A5700D2064A /* SettingViewController.swift in Sources */,
				92ED33F226C2246700B4AF44 /* HomeViewController.swift in Sources */,
			);
			runOnlyForDeploymentPostprocessing = 0;
		};
		92E7E1BA26C23A640097279B /* Sources */ = {
			isa = PBXSourcesBuildPhase;
			buildActionMask = 2147483647;
			files = (
				92E7E1C526C23A640097279B /* Less5ViewController.swift in Sources */,
				92E7E1C126C23A640097279B /* AppDelegate.swift in Sources */,
				92E7E1C326C23A640097279B /* SceneDelegate.swift in Sources */,
				9210C7FE26C374BA00B743AC /* DetailViewController.swift in Sources */,
				9210C7EF26C3709000B743AC /* BookTableViewCell.swift in Sources */,
				92E7E1DB26C363B50097279B /* HomeViewController.swift in Sources */,
			);
			runOnlyForDeploymentPostprocessing = 0;
		};
/* End PBXSourcesBuildPhase section */

/* Begin PBXVariantGroup section */
		1AC40E4926BBE29900005ED4 /* Main.storyboard */ = {
			isa = PBXVariantGroup;
			children = (
				1AC40E4A26BBE29900005ED4 /* Base */,
			);
			name = Main.storyboard;
			sourceTree = "<group>";
		};
		1AC40E4E26BBE29B00005ED4 /* LaunchScreen.storyboard */ = {
			isa = PBXVariantGroup;
			children = (
				1AC40E4F26BBE29B00005ED4 /* Base */,
			);
			name = LaunchScreen.storyboard;
			sourceTree = "<group>";
		};
		927C9D9826C12BFB00FE5F0E /* Main.storyboard */ = {
			isa = PBXVariantGroup;
			children = (
				927C9D9926C12BFB00FE5F0E /* Base */,
			);
			name = Main.storyboard;
			sourceTree = "<group>";
		};
		927C9D9D26C12BFE00FE5F0E /* LaunchScreen.storyboard */ = {
			isa = PBXVariantGroup;
			children = (
				927C9D9E26C12BFE00FE5F0E /* Base */,
			);
			name = LaunchScreen.storyboard;
			sourceTree = "<group>";
		};
		92D4B66826C20B38001D4B58 /* Main.storyboard */ = {
			isa = PBXVariantGroup;
			children = (
				92D4B66926C20B38001D4B58 /* Base */,
			);
			name = Main.storyboard;
			sourceTree = "<group>";
		};
		92D4B66D26C20B42001D4B58 /* LaunchScreen.storyboard */ = {
			isa = PBXVariantGroup;
			children = (
				92D4B66E26C20B42001D4B58 /* Base */,
			);
			name = LaunchScreen.storyboard;
			sourceTree = "<group>";
		};
		92E7E1C626C23A640097279B /* Main.storyboard */ = {
			isa = PBXVariantGroup;
			children = (
				92E7E1C726C23A640097279B /* Base */,
			);
			name = Main.storyboard;
			sourceTree = "<group>";
		};
		92E7E1CB26C23A670097279B /* LaunchScreen.storyboard */ = {
			isa = PBXVariantGroup;
			children = (
				92E7E1CC26C23A670097279B /* Base */,
			);
			name = LaunchScreen.storyboard;
			sourceTree = "<group>";
		};
/* End PBXVariantGroup section */

/* Begin XCBuildConfiguration section */
		1AC40E5226BBE29B00005ED4 /* Debug */ = {
			isa = XCBuildConfiguration;
			buildSettings = {
				ALWAYS_SEARCH_USER_PATHS = NO;
				CLANG_ANALYZER_NONNULL = YES;
				CLANG_ANALYZER_NUMBER_OBJECT_CONVERSION = YES_AGGRESSIVE;
				CLANG_CXX_LANGUAGE_STANDARD = "gnu++14";
				CLANG_CXX_LIBRARY = "libc++";
				CLANG_ENABLE_MODULES = YES;
				CLANG_ENABLE_OBJC_ARC = YES;
				CLANG_ENABLE_OBJC_WEAK = YES;
				CLANG_WARN_BLOCK_CAPTURE_AUTORELEASING = YES;
				CLANG_WARN_BOOL_CONVERSION = YES;
				CLANG_WARN_COMMA = YES;
				CLANG_WARN_CONSTANT_CONVERSION = YES;
				CLANG_WARN_DEPRECATED_OBJC_IMPLEMENTATIONS = YES;
				CLANG_WARN_DIRECT_OBJC_ISA_USAGE = YES_ERROR;
				CLANG_WARN_DOCUMENTATION_COMMENTS = YES;
				CLANG_WARN_EMPTY_BODY = YES;
				CLANG_WARN_ENUM_CONVERSION = YES;
				CLANG_WARN_INFINITE_RECURSION = YES;
				CLANG_WARN_INT_CONVERSION = YES;
				CLANG_WARN_NON_LITERAL_NULL_CONVERSION = YES;
				CLANG_WARN_OBJC_IMPLICIT_RETAIN_SELF = YES;
				CLANG_WARN_OBJC_LITERAL_CONVERSION = YES;
				CLANG_WARN_OBJC_ROOT_CLASS = YES_ERROR;
				CLANG_WARN_QUOTED_INCLUDE_IN_FRAMEWORK_HEADER = YES;
				CLANG_WARN_RANGE_LOOP_ANALYSIS = YES;
				CLANG_WARN_STRICT_PROTOTYPES = YES;
				CLANG_WARN_SUSPICIOUS_MOVE = YES;
				CLANG_WARN_UNGUARDED_AVAILABILITY = YES_AGGRESSIVE;
				CLANG_WARN_UNREACHABLE_CODE = YES;
				CLANG_WARN__DUPLICATE_METHOD_MATCH = YES;
				COPY_PHASE_STRIP = NO;
				DEBUG_INFORMATION_FORMAT = dwarf;
				ENABLE_STRICT_OBJC_MSGSEND = YES;
				ENABLE_TESTABILITY = YES;
				GCC_C_LANGUAGE_STANDARD = gnu11;
				GCC_DYNAMIC_NO_PIC = NO;
				GCC_NO_COMMON_BLOCKS = YES;
				GCC_OPTIMIZATION_LEVEL = 0;
				GCC_PREPROCESSOR_DEFINITIONS = (
					"DEBUG=1",
					"$(inherited)",
				);
				GCC_WARN_64_TO_32_BIT_CONVERSION = YES;
				GCC_WARN_ABOUT_RETURN_TYPE = YES_ERROR;
				GCC_WARN_UNDECLARED_SELECTOR = YES;
				GCC_WARN_UNINITIALIZED_AUTOS = YES_AGGRESSIVE;
				GCC_WARN_UNUSED_FUNCTION = YES;
				GCC_WARN_UNUSED_VARIABLE = YES;
				IPHONEOS_DEPLOYMENT_TARGET = 14.1;
				MTL_ENABLE_DEBUG_INFO = INCLUDE_SOURCE;
				MTL_FAST_MATH = YES;
				ONLY_ACTIVE_ARCH = YES;
				SDKROOT = iphoneos;
				SWIFT_ACTIVE_COMPILATION_CONDITIONS = DEBUG;
				SWIFT_OPTIMIZATION_LEVEL = "-Onone";
			};
			name = Debug;
		};
		1AC40E5326BBE29B00005ED4 /* Release */ = {
			isa = XCBuildConfiguration;
			buildSettings = {
				ALWAYS_SEARCH_USER_PATHS = NO;
				CLANG_ANALYZER_NONNULL = YES;
				CLANG_ANALYZER_NUMBER_OBJECT_CONVERSION = YES_AGGRESSIVE;
				CLANG_CXX_LANGUAGE_STANDARD = "gnu++14";
				CLANG_CXX_LIBRARY = "libc++";
				CLANG_ENABLE_MODULES = YES;
				CLANG_ENABLE_OBJC_ARC = YES;
				CLANG_ENABLE_OBJC_WEAK = YES;
				CLANG_WARN_BLOCK_CAPTURE_AUTORELEASING = YES;
				CLANG_WARN_BOOL_CONVERSION = YES;
				CLANG_WARN_COMMA = YES;
				CLANG_WARN_CONSTANT_CONVERSION = YES;
				CLANG_WARN_DEPRECATED_OBJC_IMPLEMENTATIONS = YES;
				CLANG_WARN_DIRECT_OBJC_ISA_USAGE = YES_ERROR;
				CLANG_WARN_DOCUMENTATION_COMMENTS = YES;
				CLANG_WARN_EMPTY_BODY = YES;
				CLANG_WARN_ENUM_CONVERSION = YES;
				CLANG_WARN_INFINITE_RECURSION = YES;
				CLANG_WARN_INT_CONVERSION = YES;
				CLANG_WARN_NON_LITERAL_NULL_CONVERSION = YES;
				CLANG_WARN_OBJC_IMPLICIT_RETAIN_SELF = YES;
				CLANG_WARN_OBJC_LITERAL_CONVERSION = YES;
				CLANG_WARN_OBJC_ROOT_CLASS = YES_ERROR;
				CLANG_WARN_QUOTED_INCLUDE_IN_FRAMEWORK_HEADER = YES;
				CLANG_WARN_RANGE_LOOP_ANALYSIS = YES;
				CLANG_WARN_STRICT_PROTOTYPES = YES;
				CLANG_WARN_SUSPICIOUS_MOVE = YES;
				CLANG_WARN_UNGUARDED_AVAILABILITY = YES_AGGRESSIVE;
				CLANG_WARN_UNREACHABLE_CODE = YES;
				CLANG_WARN__DUPLICATE_METHOD_MATCH = YES;
				COPY_PHASE_STRIP = NO;
				DEBUG_INFORMATION_FORMAT = "dwarf-with-dsym";
				ENABLE_NS_ASSERTIONS = NO;
				ENABLE_STRICT_OBJC_MSGSEND = YES;
				GCC_C_LANGUAGE_STANDARD = gnu11;
				GCC_NO_COMMON_BLOCKS = YES;
				GCC_WARN_64_TO_32_BIT_CONVERSION = YES;
				GCC_WARN_ABOUT_RETURN_TYPE = YES_ERROR;
				GCC_WARN_UNDECLARED_SELECTOR = YES;
				GCC_WARN_UNINITIALIZED_AUTOS = YES_AGGRESSIVE;
				GCC_WARN_UNUSED_FUNCTION = YES;
				GCC_WARN_UNUSED_VARIABLE = YES;
				IPHONEOS_DEPLOYMENT_TARGET = 14.1;
				MTL_ENABLE_DEBUG_INFO = NO;
				MTL_FAST_MATH = YES;
				SDKROOT = iphoneos;
				SWIFT_COMPILATION_MODE = wholemodule;
				SWIFT_OPTIMIZATION_LEVEL = "-O";
				VALIDATE_PRODUCT = YES;
			};
			name = Release;
		};
		1AC40E5526BBE29B00005ED4 /* Debug */ = {
			isa = XCBuildConfiguration;
			buildSettings = {
				ASSETCATALOG_COMPILER_APPICON_NAME = AppIcon;
				ASSETCATALOG_COMPILER_GLOBAL_ACCENT_COLOR_NAME = AccentColor;
				CODE_SIGN_STYLE = Automatic;
				INFOPLIST_FILE = "rikkeisoft-ios-training/Info.plist";
				LD_RUNPATH_SEARCH_PATHS = (
					"$(inherited)",
					"@executable_path/Frameworks",
				);
				PRODUCT_BUNDLE_IDENTIFIER = "com.rikkeisoft.rikkeisoft-ios-training";
				PRODUCT_NAME = "$(TARGET_NAME)";
				SWIFT_VERSION = 5.0;
				TARGETED_DEVICE_FAMILY = "1,2";
			};
			name = Debug;
		};
		1AC40E5626BBE29B00005ED4 /* Release */ = {
			isa = XCBuildConfiguration;
			buildSettings = {
				ASSETCATALOG_COMPILER_APPICON_NAME = AppIcon;
				ASSETCATALOG_COMPILER_GLOBAL_ACCENT_COLOR_NAME = AccentColor;
				CODE_SIGN_STYLE = Automatic;
				INFOPLIST_FILE = "rikkeisoft-ios-training/Info.plist";
				LD_RUNPATH_SEARCH_PATHS = (
					"$(inherited)",
					"@executable_path/Frameworks",
				);
				PRODUCT_BUNDLE_IDENTIFIER = "com.rikkeisoft.rikkeisoft-ios-training";
				PRODUCT_NAME = "$(TARGET_NAME)";
				SWIFT_VERSION = 5.0;
				TARGETED_DEVICE_FAMILY = "1,2";
			};
			name = Release;
		};
		927C9DA126C12BFE00FE5F0E /* Debug */ = {
			isa = XCBuildConfiguration;
			buildSettings = {
				ASSETCATALOG_COMPILER_APPICON_NAME = AppIcon;
				ASSETCATALOG_COMPILER_GLOBAL_ACCENT_COLOR_NAME = AccentColor;
				CODE_SIGN_STYLE = Automatic;
				DEVELOPMENT_TEAM = JXF4D6F8F7;
				INFOPLIST_FILE = lesson3/Info.plist;
				IPHONEOS_DEPLOYMENT_TARGET = 14.4;
				LD_RUNPATH_SEARCH_PATHS = (
					"$(inherited)",
					"@executable_path/Frameworks",
				);
				PRODUCT_BUNDLE_IDENTIFIER = dai.lesson3;
				PRODUCT_NAME = "$(TARGET_NAME)";
				SWIFT_VERSION = 5.0;
				TARGETED_DEVICE_FAMILY = "1,2";
			};
			name = Debug;
		};
		927C9DA226C12BFE00FE5F0E /* Release */ = {
			isa = XCBuildConfiguration;
			buildSettings = {
				ASSETCATALOG_COMPILER_APPICON_NAME = AppIcon;
				ASSETCATALOG_COMPILER_GLOBAL_ACCENT_COLOR_NAME = AccentColor;
				CODE_SIGN_STYLE = Automatic;
				DEVELOPMENT_TEAM = JXF4D6F8F7;
				INFOPLIST_FILE = lesson3/Info.plist;
				IPHONEOS_DEPLOYMENT_TARGET = 14.4;
				LD_RUNPATH_SEARCH_PATHS = (
					"$(inherited)",
					"@executable_path/Frameworks",
				);
				PRODUCT_BUNDLE_IDENTIFIER = dai.lesson3;
				PRODUCT_NAME = "$(TARGET_NAME)";
				SWIFT_VERSION = 5.0;
				TARGETED_DEVICE_FAMILY = "1,2";
			};
			name = Release;
		};
		92D4B67126C20B42001D4B58 /* Debug */ = {
			isa = XCBuildConfiguration;
			buildSettings = {
				ASSETCATALOG_COMPILER_APPICON_NAME = AppIcon;
				ASSETCATALOG_COMPILER_GLOBAL_ACCENT_COLOR_NAME = AccentColor;
				CODE_SIGN_STYLE = Automatic;
				DEVELOPMENT_TEAM = JXF4D6F8F7;
				INFOPLIST_FILE = lesson4/Info.plist;
				IPHONEOS_DEPLOYMENT_TARGET = 14.4;
				LD_RUNPATH_SEARCH_PATHS = (
					"$(inherited)",
					"@executable_path/Frameworks",
				);
				PRODUCT_BUNDLE_IDENTIFIER = dai.lesson4;
				PRODUCT_NAME = "$(TARGET_NAME)";
				SWIFT_VERSION = 5.0;
				TARGETED_DEVICE_FAMILY = "1,2";
			};
			name = Debug;
		};
		92D4B67226C20B42001D4B58 /* Release */ = {
			isa = XCBuildConfiguration;
			buildSettings = {
				ASSETCATALOG_COMPILER_APPICON_NAME = AppIcon;
				ASSETCATALOG_COMPILER_GLOBAL_ACCENT_COLOR_NAME = AccentColor;
				CODE_SIGN_STYLE = Automatic;
				DEVELOPMENT_TEAM = JXF4D6F8F7;
				INFOPLIST_FILE = lesson4/Info.plist;
				IPHONEOS_DEPLOYMENT_TARGET = 14.4;
				LD_RUNPATH_SEARCH_PATHS = (
					"$(inherited)",
					"@executable_path/Frameworks",
				);
				PRODUCT_BUNDLE_IDENTIFIER = dai.lesson4;
				PRODUCT_NAME = "$(TARGET_NAME)";
				SWIFT_VERSION = 5.0;
				TARGETED_DEVICE_FAMILY = "1,2";
			};
			name = Release;
		};
		92E7E1CF26C23A670097279B /* Debug */ = {
			isa = XCBuildConfiguration;
			buildSettings = {
				ASSETCATALOG_COMPILER_APPICON_NAME = AppIcon;
				ASSETCATALOG_COMPILER_GLOBAL_ACCENT_COLOR_NAME = AccentColor;
				CODE_SIGN_STYLE = Automatic;
				DEVELOPMENT_TEAM = JXF4D6F8F7;
				INFOPLIST_FILE = lesson5/Info.plist;
				IPHONEOS_DEPLOYMENT_TARGET = 14.4;
				LD_RUNPATH_SEARCH_PATHS = (
					"$(inherited)",
					"@executable_path/Frameworks",
				);
				PRODUCT_BUNDLE_IDENTIFIER = dai.lesson5;
				PRODUCT_NAME = "$(TARGET_NAME)";
				SWIFT_VERSION = 5.0;
				TARGETED_DEVICE_FAMILY = "1,2";
			};
			name = Debug;
		};
		92E7E1D026C23A670097279B /* Release */ = {
			isa = XCBuildConfiguration;
			buildSettings = {
				ASSETCATALOG_COMPILER_APPICON_NAME = AppIcon;
				ASSETCATALOG_COMPILER_GLOBAL_ACCENT_COLOR_NAME = AccentColor;
				CODE_SIGN_STYLE = Automatic;
				DEVELOPMENT_TEAM = JXF4D6F8F7;
				INFOPLIST_FILE = lesson5/Info.plist;
				IPHONEOS_DEPLOYMENT_TARGET = 14.4;
				LD_RUNPATH_SEARCH_PATHS = (
					"$(inherited)",
					"@executable_path/Frameworks",
				);
				PRODUCT_BUNDLE_IDENTIFIER = dai.lesson5;
				PRODUCT_NAME = "$(TARGET_NAME)";
				SWIFT_VERSION = 5.0;
				TARGETED_DEVICE_FAMILY = "1,2";
			};
			name = Release;
		};
/* End XCBuildConfiguration section */

/* Begin XCConfigurationList section */
		1AC40E3B26BBE29900005ED4 /* Build configuration list for PBXProject "rikkeisoft-ios-training" */ = {
			isa = XCConfigurationList;
			buildConfigurations = (
				1AC40E5226BBE29B00005ED4 /* Debug */,
				1AC40E5326BBE29B00005ED4 /* Release */,
			);
			defaultConfigurationIsVisible = 0;
			defaultConfigurationName = Release;
		};
		1AC40E5426BBE29B00005ED4 /* Build configuration list for PBXNativeTarget "rikkeisoft-ios-training" */ = {
			isa = XCConfigurationList;
			buildConfigurations = (
				1AC40E5526BBE29B00005ED4 /* Debug */,
				1AC40E5626BBE29B00005ED4 /* Release */,
			);
			defaultConfigurationIsVisible = 0;
			defaultConfigurationName = Release;
		};
		927C9DA326C12BFE00FE5F0E /* Build configuration list for PBXNativeTarget "lesson3" */ = {
			isa = XCConfigurationList;
			buildConfigurations = (
				927C9DA126C12BFE00FE5F0E /* Debug */,
				927C9DA226C12BFE00FE5F0E /* Release */,
			);
			defaultConfigurationIsVisible = 0;
			defaultConfigurationName = Release;
		};
		92D4B67326C20B42001D4B58 /* Build configuration list for PBXNativeTarget "lesson4" */ = {
			isa = XCConfigurationList;
			buildConfigurations = (
				92D4B67126C20B42001D4B58 /* Debug */,
				92D4B67226C20B42001D4B58 /* Release */,
			);
			defaultConfigurationIsVisible = 0;
			defaultConfigurationName = Release;
		};
		92E7E1D126C23A680097279B /* Build configuration list for PBXNativeTarget "lesson5" */ = {
			isa = XCConfigurationList;
			buildConfigurations = (
				92E7E1CF26C23A670097279B /* Debug */,
				92E7E1D026C23A670097279B /* Release */,
			);
			defaultConfigurationIsVisible = 0;
			defaultConfigurationName = Release;
		};
/* End XCConfigurationList section */
	};
	rootObject = 1AC40E3826BBE29900005ED4 /* Project object */;
}
